
Microsoft Visual Studio Solution File, Format Version 12.00
# Visual Studio Version 17
VisualStudioVersion = 17.11.35017.193
MinimumVisualStudioVersion = 10.0.40219.1
Project("{FAE04EC0-301F-11D3-BF4B-00C04F79EFBC}") = "CommunityEventPlanner.api", "CommunityEventPlanner.api\CommunityEventPlanner.api.csproj", "{66A6C02F-F498-46E5-B16B-3A753DF01B40}"
EndProject
Project("{FAE04EC0-301F-11D3-BF4B-00C04F79EFBC}") = "CommunityEventPlanner.api.UnitTest", "CommunityEventPlanner.api.UnitTest\CommunityEventPlanner.api.UnitTest.csproj", "{D49270CC-0252-4FBC-B642-864A54AD588A}"
EndProject
Project("{FAE04EC0-301F-11D3-BF4B-00C04F79EFBC}") = "CommunityEventPlanner.api.IntegrationTest", "CommunityEventPlanner.api.IntegrationTest\CommunityEventPlanner.api.IntegrationTest.csproj", "{1BD24578-4B90-482A-BBE6-6ABD6451A957}"
EndProject
Project("{FAE04EC0-301F-11D3-BF4B-00C04F79EFBC}") = "CommunityEventPlanner.web", "CommunityEventPlanner.web\CommunityEventPlanner.web.csproj", "{0A8A653A-FDC7-434D-B76F-AC6DDA3B3CD2}"
EndProject
Global
	GlobalSection(SolutionConfigurationPlatforms) = preSolution
		Debug|Any CPU = Debug|Any CPU
		Release|Any CPU = Release|Any CPU
	EndGlobalSection
	GlobalSection(ProjectConfigurationPlatforms) = postSolution
		{66A6C02F-F498-46E5-B16B-3A753DF01B40}.Debug|Any CPU.ActiveCfg = Debug|Any CPU
		{66A6C02F-F498-46E5-B16B-3A753DF01B40}.Debug|Any CPU.Build.0 = Debug|Any CPU
		{66A6C02F-F498-46E5-B16B-3A753DF01B40}.Release|Any CPU.ActiveCfg = Release|Any CPU
		{66A6C02F-F498-46E5-B16B-3A753DF01B40}.Release|Any CPU.Build.0 = Release|Any CPU
		{D49270CC-0252-4FBC-B642-864A54AD588A}.Debug|Any CPU.ActiveCfg = Debug|Any CPU
		{D49270CC-0252-4FBC-B642-864A54AD588A}.Debug|Any CPU.Build.0 = Debug|Any CPU
		{D49270CC-0252-4FBC-B642-864A54AD588A}.Release|Any CPU.ActiveCfg = Release|Any CPU
		{D49270CC-0252-4FBC-B642-864A54AD588A}.Release|Any CPU.Build.0 = Release|Any CPU
		{1BD24578-4B90-482A-BBE6-6ABD6451A957}.Debug|Any CPU.ActiveCfg = Debug|Any CPU
		{1BD24578-4B90-482A-BBE6-6ABD6451A957}.Debug|Any CPU.Build.0 = Debug|Any CPU
		{1BD24578-4B90-482A-BBE6-6ABD6451A957}.Release|Any CPU.ActiveCfg = Release|Any CPU
		{1BD24578-4B90-482A-BBE6-6ABD6451A957}.Release|Any CPU.Build.0 = Release|Any CPU
		{0A8A653A-FDC7-434D-B76F-AC6DDA3B3CD2}.Debug|Any CPU.ActiveCfg = Debug|Any CPU
		{0A8A653A-FDC7-434D-B76F-AC6DDA3B3CD2}.Debug|Any CPU.Build.0 = Debug|Any CPU
		{0A8A653A-FDC7-434D-B76F-AC6DDA3B3CD2}.Release|Any CPU.ActiveCfg = Release|Any CPU
		{0A8A653A-FDC7-434D-B76F-AC6DDA3B3CD2}.Release|Any CPU.Build.0 = Release|Any CPU
	EndGlobalSection
	GlobalSection(SolutionProperties) = preSolution
		HideSolutionNode = FALSE
	EndGlobalSection
	GlobalSection(ExtensibilityGlobals) = postSolution
		SolutionGuid = {FE6DB805-A704-46C7-87CD-F5E6797EE4DC}
	EndGlobalSection
EndGlobal
